{
  "originHash" : "bf88bd6328d4f21131263196fc6e9655103810c14edcb3377d495b241d028f7f",
  "pins" : [
    {
      "identity" : "catena",
      "kind" : "remoteSourceControl",
      "location" : "https://github.com/Fleuronic/Catena",
      "state" : {
        "branch" : "main",
        "revision" : "a856acd87172d24630cb9c3950de724d4df6312a"
      }
    },
    {
      "identity" : "catenary",
      "kind" : "remoteSourceControl",
      "location" : "https://github.com/Fleuronic/Catenary",
      "state" : {
        "branch" : "main",
        "revision" : "90797585c762fd22505be4bcc9ebbb55f92c3fb7"
      }
    },
    {
      "identity" : "catenoid",
      "kind" : "remoteSourceControl",
      "location" : "https://github.com/Fleuronic/Catenoid",
      "state" : {
        "branch" : "main",
        "revision" : "286cf310d8c9fbd00dfea46baf49cd6de3fdf393"
      }
    },
    {
      "identity" : "differ",
      "kind" : "remoteSourceControl",
      "location" : "https://github.com/tonyarnold/Differ",
      "state" : {
        "revision" : "5520fda947f1f9777a806389c2ba587219bc0538",
        "version" : "1.4.6"
      }
    },
    {
      "identity" : "identity",
      "kind" : "remoteSourceControl",
      "location" : "https://github.com/JohnSundell/Identity",
      "state" : {
        "branch" : "master",
        "revision" : "ff9dfdf4df87ff0d7064d40bdc230c5e55f0bcbf"
      }
    },
    {
      "identity" : "persistdb",
      "kind" : "remoteSourceControl",
      "location" : "https://github.com/jordanekay/PersistDB",
      "state" : {
        "branch" : "master",
        "revision" : "1fcce3a2e8d5ff8dcd52ab60a743bc0fb9f06c78"
      }
    },
    {
      "identity" : "reactiveswift",
      "kind" : "remoteSourceControl",
      "location" : "https://github.com/ReactiveCocoa/ReactiveSwift.git",
      "state" : {
        "branch" : "swift-concurrency",
        "revision" : "3d40187c982346352d0adbe6b38e0e3d53fddc95"
      }
    },
    {
      "identity" : "schemata",
      "kind" : "remoteSourceControl",
      "location" : "https://github.com/jordanekay/Schemata",
      "state" : {
        "branch" : "master",
        "revision" : "1c5443b01cd2fb9f25e63197cfe35b96ba9bd2fc"
      }
    },
    {
      "identity" : "sociableweaver",
      "kind" : "remoteSourceControl",
      "location" : "https://github.com/NicholasBellucci/SociableWeaver.git",
      "state" : {
        "revision" : "dd8368fcf1f8fef5d672ea64775dc6f7b02d7a92",
        "version" : "0.1.12"
      }
    },
    {
      "identity" : "uniform",
      "kind" : "remoteSourceControl",
      "location" : "https://github.com/Fleuronic/Uniform",
      "state" : {
        "branch" : "main",
        "revision" : "bbfce81213f0190344488bb79b310c7f561ae567"
      }
    },
    {
      "identity" : "uniformservice",
      "kind" : "remoteSourceControl",
      "location" : "https://github.com/Fleuronic/UniformService",
      "state" : {
        "branch" : "main",
        "revision" : "8b80eb3c45509b491a3b8db97d636cef10b1178f"
      }
    }
  ],
  "version" : 3
}
